<Solution>
  <Folder Name="/Shared/">
    <Project Path="amneziageo-lib/AmneziaGeo.Cli/AmneziaGeo.Cli.csproj" />
    <Project Path="amneziageo-lib/AmneziaGeo.Decl/AmneziaGeo.Decl.csproj" />
    <Project Path="amneziageo-lib/AmneziaGeo.Geo/AmneziaGeo.Geo.csproj" />
    <Project Path="amneziageo-lib/AmneziaGeo.Dal/AmneziaGeo.Dal.csproj" />
    <Project Path="amneziageo-lib/AmneziaGeo.Ipc/AmneziaGeo.Ipc.csproj" />
    <Project Path="amneziageo-lib/AmneziaGeo.Localization/AmneziaGeo.Localization.csproj" />
    <Project Path="amneziageo-lib/AmneziaGeo.Ui/AmneziaGeo.Ui.csproj" />
  </Folder>
  <Folder Name="/Linux/">
    <Project Path="amneziageo-linux/AmneziaGeo.Linux.Engine/AmneziaGeo.Linux.Engine.csproj" />
    <Project Path="amneziageo-linux/AmneziaGeo.Linux.App/AmneziaGeo.Linux.App.csproj" />
    <Project Path="amneziageo-linux/AmneziaGeo.Linux.Cli/AmneziaGeo.Linux.Cli.csproj" />
    <Project Path="amneziageo-linux/AmneziaGeo.Linux.Ui/AmneziaGeo.Linux.Ui.csproj" />
  </Folder>
</Solution>
